
Microsoft Visual Studio Solution File, Format Version 12.00
# Visual Studio Version 17
VisualStudioVersion = 17.8.34511.84
MinimumVisualStudioVersion = 10.0.40219.1
Project("{FAE04EC0-301F-11D3-BF4B-00C04F79EFBC}") = "missions2", "missions2\missions2.csproj", "{C0F50FD5-8C35-42D5-B6C7-5A5E0FDBEB52}"
EndProject
Global
	GlobalSection(SolutionConfigurationPlatforms) = preSolution
		Debug|Any CPU = Debug|Any CPU
		Release|Any CPU = Release|Any CPU
	EndGlobalSection
	GlobalSection(ProjectConfigurationPlatforms) = postSolution
		{C0F50FD5-8C35-42D5-B6C7-5A5E0FDBEB52}.Debug|Any CPU.ActiveCfg = Debug|Any CPU
		{C0F50FD5-8C35-42D5-B6C7-5A5E0FDBEB52}.Debug|Any CPU.Build.0 = Debug|Any CPU
		{C0F50FD5-8C35-42D5-B6C7-5A5E0FDBEB52}.Release|Any CPU.ActiveCfg = Release|Any CPU
		{C0F50FD5-8C35-42D5-B6C7-5A5E0FDBEB52}.Release|Any CPU.Build.0 = Release|Any CPU
	EndGlobalSection
	GlobalSection(SolutionProperties) = preSolution
		HideSolutionNode = FALSE
	EndGlobalSection
	GlobalSection(ExtensibilityGlobals) = postSolution
		SolutionGuid = {9CFB2452-790A-4AC0-A9CD-01047F02DE69}
	EndGlobalSection
EndGlobal
